// !$*UTF8*$!
{
  "archiveVersion" = 1;
  "classes" = {
  };
  "objectVersion" = 56;
  "objects" = {
    "5DAA1A1EABC2A9D6D7DF6263" = {
      "isa" = "PBXFileReference";
      "lastKnownFileType" = "sourcecode.swift";
      "path" = "Sources/CodexMicroMac/ActivityStore.swift";
      "sourceTree" = "<group>";
    };
    "403D22BD3627F8FBB396EEC6" = {
      "isa" = "PBXBuildFile";
      "fileRef" = "5DAA1A1EABC2A9D6D7DF6263";
    };
    "90991B525A228F82238E199D" = {
      "isa" = "PBXFileReference";
      "lastKnownFileType" = "sourcecode.swift";
      "path" = "Sources/CodexMicroMac/CommandExecutor.swift";
      "sourceTree" = "<group>";
    };
    "A62BA9F966922F3FFCAD76D4" = {
      "isa" = "PBXBuildFile";
      "fileRef" = "90991B525A228F82238E199D";
    };
    "78BB58D9AAF0591F808FAC89" = {
      "isa" = "PBXFileReference";
      "lastKnownFileType" = "sourcecode.swift";
      "path" = "Sources/CodexMicroMac/ControlModels.swift";
      "sourceTree" = "<group>";
    };
    "DCA128FB28C3E931D7C47824" = {
      "isa" = "PBXBuildFile";
      "fileRef" = "78BB58D9AAF0591F808FAC89";
    };
    "F4B6404106279C7085341E4B" = {
      "isa" = "PBXFileReference";
      "lastKnownFileType" = "sourcecode.swift";
      "path" = "Sources/CodexMicroMac/ConversationContextStore.swift";
      "sourceTree" = "<group>";
    };
    "84368DEB6DCD1CE835F9B651" = {
      "isa" = "PBXBuildFile";
      "fileRef" = "F4B6404106279C7085341E4B";
    };
    "3AAAFF4231C0362B20C8EE6F" = {
      "isa" = "PBXFileReference";
      "lastKnownFileType" = "sourcecode.swift";
      "path" = "Sources/CodexMicroMac/DesignExport.swift";
      "sourceTree" = "<group>";
    };
    "A1FA9DF49B26804FAF681B4C" = {
      "isa" = "PBXBuildFile";
      "fileRef" = "3AAAFF4231C0362B20C8EE6F";
    };
    "6D4116C4DFC0D693460642C6" = {
      "isa" = "PBXFileReference";
      "lastKnownFileType" = "sourcecode.swift";
      "path" = "Sources/CodexMicroMac/DesktopClient.swift";
      "sourceTree" = "<group>";
    };
    "2C5085AF20D19B2852B2E708" = {
      "isa" = "PBXBuildFile";
      "fileRef" = "6D4116C4DFC0D693460642C6";
    };
    "DF40F40732BF2F450F408A2D" = {
      "isa" = "PBXFileReference";
      "lastKnownFileType" = "sourcecode.swift";
      "path" = "Sources/CodexMicroMac/DialInput.swift";
      "sourceTree" = "<group>";
    };
    "E587E4A89A390E1AE0DCBF24" = {
      "isa" = "PBXBuildFile";
      "fileRef" = "DF40F40732BF2F450F408A2D";
    };
    "74E9014B2981752C80485A23" = {
      "isa" = "PBXFileReference";
      "lastKnownFileType" = "sourcecode.swift";
      "path" = "Sources/CodexMicroMac/DialMapping.swift";
      "sourceTree" = "<group>";
    };
    "E125A52D6FB330DF4A718590" = {
      "isa" = "PBXBuildFile";
      "fileRef" = "74E9014B2981752C80485A23";
    };
    "BE46C44310BE77A3B682010F" = {
      "isa" = "PBXFileReference";
      "lastKnownFileType" = "sourcecode.swift";
      "path" = "Sources/CodexMicroMac/Entry.swift";
      "sourceTree" = "<group>";
    };
    "AA6AF0A1FE0F0E6462A17526" = {
      "isa" = "PBXBuildFile";
      "fileRef" = "BE46C44310BE77A3B682010F";
    };
    "6309F58511D3737A9FD968B4" = {
      "isa" = "PBXFileReference";
      "lastKnownFileType" = "sourcecode.swift";
      "path" = "Sources/CodexMicroMac/KeycapGlyph.swift";
      "sourceTree" = "<group>";
    };
    "EF9F0192F005A37315A9C45B" = {
      "isa" = "PBXBuildFile";
      "fileRef" = "6309F58511D3737A9FD968B4";
    };
    "426C0DC499A9C45598FA2C15" = {
      "isa" = "PBXFileReference";
      "lastKnownFileType" = "sourcecode.swift";
      "path" = "Sources/CodexMicroMac/Localization.swift";
      "sourceTree" = "<group>";
    };
    "801CAF86FF0AA495632BB198" = {
      "isa" = "PBXBuildFile";
      "fileRef" = "426C0DC499A9C45598FA2C15";
    };
    "34E1671C4B23FA2BE6FEC0C2" = {
      "isa" = "PBXFileReference";
      "lastKnownFileType" = "sourcecode.swift";
      "path" = "Sources/CodexMicroMac/MicroArtwork.generated.swift";
      "sourceTree" = "<group>";
    };
    "98D52A8CD2586DB9E12EECF7" = {
      "isa" = "PBXBuildFile";
      "fileRef" = "34E1671C4B23FA2BE6FEC0C2";
    };
    "3F9C435939FDB0A17A1195D6" = {
      "isa" = "PBXFileReference";
      "lastKnownFileType" = "sourcecode.swift";
      "path" = "Sources/CodexMicroMac/MicroModel.swift";
      "sourceTree" = "<group>";
    };
    "2A8B9CA0EF8F488ED94F667A" = {
      "isa" = "PBXBuildFile";
      "fileRef" = "3F9C435939FDB0A17A1195D6";
    };
    "A4119CEAF940F1FA723A84C3" = {
      "isa" = "PBXFileReference";
      "lastKnownFileType" = "sourcecode.swift";
      "path" = "Sources/CodexMicroMac/MicroSession.swift";
      "sourceTree" = "<group>";
    };
    "2A16BC276A4E6779A4EB5FD9" = {
      "isa" = "PBXBuildFile";
      "fileRef" = "A4119CEAF940F1FA723A84C3";
    };
    "34816A6DB7A2D24A9C4CFBA7" = {
      "isa" = "PBXFileReference";
      "lastKnownFileType" = "sourcecode.swift";
      "path" = "Sources/CodexMicroMac/MicroSurfaces.swift";
      "sourceTree" = "<group>";
    };
    "6811A18EEA12DA175EF894D3" = {
      "isa" = "PBXBuildFile";
      "fileRef" = "34816A6DB7A2D24A9C4CFBA7";
    };
    "9FA6818E76EAD69B88A02B5D" = {
      "isa" = "PBXFileReference";
      "lastKnownFileType" = "sourcecode.swift";
      "path" = "Sources/CodexMicroMac/MicroView.swift";
      "sourceTree" = "<group>";
    };
    "BDCCBE0536FAC33F9445A446" = {
      "isa" = "PBXBuildFile";
      "fileRef" = "9FA6818E76EAD69B88A02B5D";
    };
    "FAADE955EC1F9B8E13867903" = {
      "isa" = "PBXFileReference";
      "lastKnownFileType" = "sourcecode.swift";
      "path" = "Sources/CodexMicroMac/MicroViewModel.swift";
      "sourceTree" = "<group>";
    };
    "858EAB928AD2DD59D132F8C2" = {
      "isa" = "PBXBuildFile";
      "fileRef" = "FAADE955EC1F9B8E13867903";
    };
    "FD4BFF1CCEC2F044962CAE73" = {
      "isa" = "PBXFileReference";
      "lastKnownFileType" = "sourcecode.swift";
      "path" = "Sources/CodexMicroMac/ObservationCoordinator.swift";
      "sourceTree" = "<group>";
    };
    "C003B41E163B54C2834B8C8D" = {
      "isa" = "PBXBuildFile";
      "fileRef" = "FD4BFF1CCEC2F044962CAE73";
    };
    "1B1ECD7ABD569FCDA14C0D20" = {
      "isa" = "PBXFileReference";
      "lastKnownFileType" = "sourcecode.swift";
      "path" = "Sources/CodexMicroMac/PanelModels.swift";
      "sourceTree" = "<group>";
    };
    "238C3479FEEB621A82676276" = {
      "isa" = "PBXBuildFile";
      "fileRef" = "1B1ECD7ABD569FCDA14C0D20";
    };
    "608B50FB50E3DB4FA2C59AB4" = {
      "isa" = "PBXFileReference";
      "lastKnownFileType" = "sourcecode.swift";
      "path" = "Sources/CodexMicroMac/ReasoningGlyph.swift";
      "sourceTree" = "<group>";
    };
    "4C1240713C98CC73EAB27062" = {
      "isa" = "PBXBuildFile";
      "fileRef" = "608B50FB50E3DB4FA2C59AB4";
    };
    "3DB62960B5B64C6104511034" = {
      "isa" = "PBXFileReference";
      "lastKnownFileType" = "sourcecode.swift";
      "path" = "Sources/CodexMicroMac/ServiceConnectionState.swift";
      "sourceTree" = "<group>";
    };
    "F4FCBFFE0BA0C41ACF7787E3" = {
      "isa" = "PBXBuildFile";
      "fileRef" = "3DB62960B5B64C6104511034";
    };
    "9D517523EDCD78FB7C7EB6E1" = {
      "isa" = "PBXFileReference";
      "lastKnownFileType" = "sourcecode.swift";
      "path" = "Sources/CodexMicroMac/Settings.swift";
      "sourceTree" = "<group>";
    };
    "5B8722873E4313F970E93AF0" = {
      "isa" = "PBXBuildFile";
      "fileRef" = "9D517523EDCD78FB7C7EB6E1";
    };
    "5C44397A86B1FF657940B20C" = {
      "isa" = "PBXFileReference";
      "lastKnownFileType" = "sourcecode.swift";
      "path" = "Sources/CodexMicroMac/SettingsView.swift";
      "sourceTree" = "<group>";
    };
    "3AA21037281DC18B3B372C15" = {
      "isa" = "PBXBuildFile";
      "fileRef" = "5C44397A86B1FF657940B20C";
    };
    "E01D2B73A085D1D25F9F6063" = {
      "isa" = "PBXFileReference";
      "lastKnownFileType" = "sourcecode.swift";
      "path" = "Sources/CodexMicroMac/SevenSegmentReadout.swift";
      "sourceTree" = "<group>";
    };
    "76AB4BB8EDD3BB44A497428F" = {
      "isa" = "PBXBuildFile";
      "fileRef" = "E01D2B73A085D1D25F9F6063";
    };
    "C34EFF2CB8D24590C10F12E5" = {
      "isa" = "PBXFileReference";
      "lastKnownFileType" = "sourcecode.swift";
      "path" = "Sources/MicroShared/DesktopServices.swift";
      "sourceTree" = "<group>";
    };
    "FC6FD87262B7E9557B4C8FD4" = {
      "isa" = "PBXBuildFile";
      "fileRef" = "C34EFF2CB8D24590C10F12E5";
    };
    "49FFB6FBE0EAB531B444BF6D" = {
      "isa" = "PBXFileReference";
      "lastKnownFileType" = "sourcecode.swift";
      "path" = "Sources/MicroShared/NativeObservation.swift";
      "sourceTree" = "<group>";
    };
    "1DBFB7F822D3AED58BEBE3AB" = {
      "isa" = "PBXBuildFile";
      "fileRef" = "49FFB6FBE0EAB531B444BF6D";
    };
    "1D4A70E62C198DBA925E4C79" = {
      "isa" = "PBXFileReference";
      "lastKnownFileType" = "sourcecode.swift";
      "path" = "Sources/MicroCore/MacPreviewCapabilities.swift";
      "sourceTree" = "<group>";
    };
    "04A54EE8ECB96BB3927C4CAE" = {
      "isa" = "PBXBuildFile";
      "fileRef" = "1D4A70E62C198DBA925E4C79";
    };
    "DBD3A49D0D906B4ED9216B73" = {
      "isa" = "PBXFileReference";
      "lastKnownFileType" = "text.plist.strings";
      "name" = "en";
      "path" = "Sources/CodexMicroMac/Resources/en.lproj/Localizable.strings";
      "sourceTree" = "<group>";
    };
    "730D4D982206DA1ADF9AC14B" = {
      "isa" = "PBXFileReference";
      "lastKnownFileType" = "text.plist.strings";
      "name" = "zh-Hans";
      "path" = "Sources/CodexMicroMac/Resources/zh-Hans.lproj/Localizable.strings";
      "sourceTree" = "<group>";
    };
    "E967D16DAE74A49B5E0E0512" = {
      "isa" = "PBXVariantGroup";
      "children" = ("DBD3A49D0D906B4ED9216B73", "730D4D982206DA1ADF9AC14B");
      "name" = "Localizable.strings";
      "sourceTree" = "<group>";
    };
    "430536E031B755058FD41BAC" = {
      "isa" = "PBXBuildFile";
      "fileRef" = "E967D16DAE74A49B5E0E0512";
    };
    "A8792157CB4F27FB949C035F" = {
      "isa" = "PBXFileReference";
      "explicitFileType" = "wrapper.application";
      "path" = "Codex Micro Monitor.app";
      "sourceTree" = "BUILT_PRODUCTS_DIR";
    };
    "BDEFC259426BD086D1126108" = {
      "isa" = "PBXFileReference";
      "lastKnownFileType" = "text.xcconfig";
      "path" = "Packaging/Signing.xcconfig";
      "sourceTree" = "<group>";
    };
    "0D6E4079E36703EBD37C0072" = {
      "isa" = "PBXGroup";
      "children" = ("5DAA1A1EABC2A9D6D7DF6263", "90991B525A228F82238E199D", "78BB58D9AAF0591F808FAC89", "F4B6404106279C7085341E4B", "3AAAFF4231C0362B20C8EE6F", "6D4116C4DFC0D693460642C6", "DF40F40732BF2F450F408A2D", "74E9014B2981752C80485A23", "BE46C44310BE77A3B682010F", "6309F58511D3737A9FD968B4", "426C0DC499A9C45598FA2C15", "34E1671C4B23FA2BE6FEC0C2", "3F9C435939FDB0A17A1195D6", "A4119CEAF940F1FA723A84C3", "34816A6DB7A2D24A9C4CFBA7", "9FA6818E76EAD69B88A02B5D", "FAADE955EC1F9B8E13867903", "FD4BFF1CCEC2F044962CAE73", "1B1ECD7ABD569FCDA14C0D20", "608B50FB50E3DB4FA2C59AB4", "3DB62960B5B64C6104511034", "9D517523EDCD78FB7C7EB6E1", "5C44397A86B1FF657940B20C", "E01D2B73A085D1D25F9F6063", "C34EFF2CB8D24590C10F12E5", "49FFB6FBE0EAB531B444BF6D", "1D4A70E62C198DBA925E4C79", "E967D16DAE74A49B5E0E0512", "BDEFC259426BD086D1126108", "A8792157CB4F27FB949C035F");
      "sourceTree" = "<group>";
    };
    "878A52FC5FF6A57D50B7B870" = {
      "isa" = "PBXSourcesBuildPhase";
      "buildActionMask" = 2147483647;
      "files" = ("403D22BD3627F8FBB396EEC6", "A62BA9F966922F3FFCAD76D4", "DCA128FB28C3E931D7C47824", "84368DEB6DCD1CE835F9B651", "A1FA9DF49B26804FAF681B4C", "2C5085AF20D19B2852B2E708", "E587E4A89A390E1AE0DCBF24", "E125A52D6FB330DF4A718590", "AA6AF0A1FE0F0E6462A17526", "EF9F0192F005A37315A9C45B", "801CAF86FF0AA495632BB198", "98D52A8CD2586DB9E12EECF7", "2A8B9CA0EF8F488ED94F667A", "2A16BC276A4E6779A4EB5FD9", "6811A18EEA12DA175EF894D3", "BDCCBE0536FAC33F9445A446", "858EAB928AD2DD59D132F8C2", "C003B41E163B54C2834B8C8D", "238C3479FEEB621A82676276", "4C1240713C98CC73EAB27062", "F4FCBFFE0BA0C41ACF7787E3", "5B8722873E4313F970E93AF0", "3AA21037281DC18B3B372C15", "76AB4BB8EDD3BB44A497428F", "FC6FD87262B7E9557B4C8FD4", "1DBFB7F822D3AED58BEBE3AB", "04A54EE8ECB96BB3927C4CAE");
      "runOnlyForDeploymentPostprocessing" = 0;
    };
    "41D311A605520FC7B8B9A980" = {
      "isa" = "PBXResourcesBuildPhase";
      "buildActionMask" = 2147483647;
      "files" = ("430536E031B755058FD41BAC");
      "runOnlyForDeploymentPostprocessing" = 0;
    };
    "E2AA269EB967A8853A258BFA" = {
      "isa" = "PBXFrameworksBuildPhase";
      "buildActionMask" = 2147483647;
      "files" = ();
      "runOnlyForDeploymentPostprocessing" = 0;
    };
    "A87BEF43EF83C8A9C93788A2" = {
      "isa" = "PBXShellScriptBuildPhase";
      "buildActionMask" = 2147483647;
      "files" = ();
      "inputPaths" = ();
      "outputPaths" = ();
      "alwaysOutOfDate" = 1;
      "runOnlyForDeploymentPostprocessing" = 0;
      "shellPath" = "/bin/bash";
      "shellScript" = "\"$SRCROOT/../../scripts/build-macos-desktop-bridge.sh\"\n";
    };
    "4C9A8D7A2C3C670C889D63E4" = {
      "isa" = "XCBuildConfiguration";
      "name" = "Debug";
      "baseConfigurationReference" = "BDEFC259426BD086D1126108";
      "buildSettings" = {
        "SDKROOT" = "macosx";
        "SDK_VARIANT" = "iosmac";
        "IPHONEOS_DEPLOYMENT_TARGET" = "17.0";
        "MACOSX_DEPLOYMENT_TARGET" = "14.0";
        "SWIFT_VERSION" = "5.0";
        "SUPPORTS_MACCATALYST" = "YES";
        "SUPPORTS_MAC_DESIGNED_FOR_IPHONE_IPAD" = "NO";
        "DERIVE_MACCATALYST_PRODUCT_BUNDLE_IDENTIFIER" = "NO";
        "TARGETED_DEVICE_FAMILY" = "2,6";
        "PRODUCT_NAME" = "Codex Micro Monitor";
        "EXECUTABLE_NAME" = "CodexMicroMac";
        "PRODUCT_MODULE_NAME" = "CodexMicroMac";
        "PRODUCT_BUNDLE_IDENTIFIER" = "com.gantrol.codex-micro-monitor";
        "INFOPLIST_FILE" = "Packaging/Info.plist";
        "GENERATE_INFOPLIST_FILE" = "NO";
        "ENABLE_APP_SANDBOX" = "NO";
        "ENABLE_HARDENED_RUNTIME" = "NO";
        "ENABLE_USER_SCRIPT_SANDBOXING" = "NO";
        "SWIFT_OPTIMIZATION_LEVEL" = "-Onone";
        "SWIFT_COMPILATION_MODE" = "incremental";
        "CLANG_ENABLE_MODULES" = "YES";
        "LD_RUNPATH_SEARCH_PATHS" = "$(inherited) @executable_path/../Frameworks";
        "SUPPORTED_PLATFORMS" = "macosx";
        "SUPPORTS_XR_DESIGNED_FOR_IPHONE_IPAD" = "NO";
      };
    };
    "C046A0DA18BED3407C966DDF" = {
      "isa" = "XCBuildConfiguration";
      "name" = "Release";
      "baseConfigurationReference" = "BDEFC259426BD086D1126108";
      "buildSettings" = {
        "SDKROOT" = "macosx";
        "SDK_VARIANT" = "iosmac";
        "IPHONEOS_DEPLOYMENT_TARGET" = "17.0";
        "MACOSX_DEPLOYMENT_TARGET" = "14.0";
        "SWIFT_VERSION" = "5.0";
        "SUPPORTS_MACCATALYST" = "YES";
        "SUPPORTS_MAC_DESIGNED_FOR_IPHONE_IPAD" = "NO";
        "DERIVE_MACCATALYST_PRODUCT_BUNDLE_IDENTIFIER" = "NO";
        "TARGETED_DEVICE_FAMILY" = "2,6";
        "PRODUCT_NAME" = "Codex Micro Monitor";
        "EXECUTABLE_NAME" = "CodexMicroMac";
        "PRODUCT_MODULE_NAME" = "CodexMicroMac";
        "PRODUCT_BUNDLE_IDENTIFIER" = "com.gantrol.codex-micro-monitor";
        "INFOPLIST_FILE" = "Packaging/Info.plist";
        "GENERATE_INFOPLIST_FILE" = "NO";
        "ENABLE_APP_SANDBOX" = "NO";
        "ENABLE_HARDENED_RUNTIME" = "NO";
        "ENABLE_USER_SCRIPT_SANDBOXING" = "NO";
        "SWIFT_OPTIMIZATION_LEVEL" = "-O";
        "SWIFT_COMPILATION_MODE" = "wholemodule";
        "CLANG_ENABLE_MODULES" = "YES";
        "LD_RUNPATH_SEARCH_PATHS" = "$(inherited) @executable_path/../Frameworks";
        "SUPPORTED_PLATFORMS" = "macosx";
        "SUPPORTS_XR_DESIGNED_FOR_IPHONE_IPAD" = "NO";
      };
    };
    "175AB01246347EE3CB3AD67C" = {
      "isa" = "XCConfigurationList";
      "buildConfigurations" = ("4C9A8D7A2C3C670C889D63E4", "C046A0DA18BED3407C966DDF");
      "defaultConfigurationIsVisible" = 0;
      "defaultConfigurationName" = "Release";
    };
    "CBE79372575C6BD5A9131E8F" = {
      "isa" = "XCBuildConfiguration";
      "name" = "Debug";
      "buildSettings" = {
        "SDKROOT" = "macosx";
        "SDK_VARIANT" = "iosmac";
        "SWIFT_VERSION" = "5.0";
        "CLANG_ENABLE_MODULES" = "YES";
      };
    };
    "2D49EBE4C1EF4247FC7BA12F" = {
      "isa" = "XCBuildConfiguration";
      "name" = "Release";
      "buildSettings" = {
        "SDKROOT" = "macosx";
        "SDK_VARIANT" = "iosmac";
        "SWIFT_VERSION" = "5.0";
        "CLANG_ENABLE_MODULES" = "YES";
      };
    };
    "76F8DEC3DFE0BDB465198890" = {
      "isa" = "XCConfigurationList";
      "buildConfigurations" = ("CBE79372575C6BD5A9131E8F", "2D49EBE4C1EF4247FC7BA12F");
      "defaultConfigurationIsVisible" = 0;
      "defaultConfigurationName" = "Release";
    };
    "34A04005BCAF206EEC990BD9" = {
      "isa" = "PBXNativeTarget";
      "name" = "CodexMicroMac";
      "productName" = "Codex Micro Monitor";
      "productReference" = "A8792157CB4F27FB949C035F";
      "productType" = "com.apple.product-type.application";
      "buildConfigurationList" = "175AB01246347EE3CB3AD67C";
      "buildPhases" = ("878A52FC5FF6A57D50B7B870", "41D311A605520FC7B8B9A980", "E2AA269EB967A8853A258BFA", "A87BEF43EF83C8A9C93788A2");
      "buildRules" = ();
      "dependencies" = ();
    };
    "244210E48437B6556980A702" = {
      "isa" = "PBXProject";
      "attributes" = {
        "LastUpgradeCheck" = "1630";
        "BuildIndependentTargetsInParallel" = "YES";
      };
      "buildConfigurationList" = "76F8DEC3DFE0BDB465198890";
      "compatibilityVersion" = "Xcode 14.0";
      "developmentRegion" = "en";
      "hasScannedForEncodings" = 0;
      "knownRegions" = ("en", "zh-Hans", "Base");
      "mainGroup" = "0D6E4079E36703EBD37C0072";
      "projectDirPath" = "";
      "projectRoot" = "";
      "targets" = ("34A04005BCAF206EEC990BD9");
    };
  };
  "rootObject" = "244210E48437B6556980A702";
}
